
Microsoft Visual Studio Solution File, Format Version 12.00
# Visual Studio Version 17
VisualStudioVersion = 17.9.34728.123
MinimumVisualStudioVersion = 10.0.40219.1
Project("{2150E333-8FDC-42A3-9474-1A3956D46DE8}") = "Services", "Services", "{189EFACF-4059-444F-BED4-AE81F2412AFE}"
EndProject
Project("{2150E333-8FDC-42A3-9474-1A3956D46DE8}") = "Catalog", "Catalog", "{6B5D8125-4C2E-45F6-A468-8A4F306E9946}"
EndProject
Project("{2150E333-8FDC-42A3-9474-1A3956D46DE8}") = "BuildingBlocks", "BuildingBlocks", "{983A630A-D4EA-412C-B250-A442E7877D54}"
EndProject
Project("{FAE04EC0-301F-11D3-BF4B-00C04F79EFBC}") = "BuildingBlocks", "..\BuildingBlocks\BuildingBlocks\BuildingBlocks.csproj", "{0E979D06-4818-4B73-98EE-8763CAEDD167}"
EndProject
Project("{FAE04EC0-301F-11D3-BF4B-00C04F79EFBC}") = "CatalogApis", "Catalog\CatalogApis\CatalogApis.csproj", "{F2D8510F-42ED-440A-9999-0F3BADE22E49}"
EndProject
Global
	GlobalSection(SolutionConfigurationPlatforms) = preSolution
		Debug|Any CPU = Debug|Any CPU
		Release|Any CPU = Release|Any CPU
	EndGlobalSection
	GlobalSection(ProjectConfigurationPlatforms) = postSolution
		{0E979D06-4818-4B73-98EE-8763CAEDD167}.Debug|Any CPU.ActiveCfg = Debug|Any CPU
		{0E979D06-4818-4B73-98EE-8763CAEDD167}.Debug|Any CPU.Build.0 = Debug|Any CPU
		{0E979D06-4818-4B73-98EE-8763CAEDD167}.Release|Any CPU.ActiveCfg = Release|Any CPU
		{0E979D06-4818-4B73-98EE-8763CAEDD167}.Release|Any CPU.Build.0 = Release|Any CPU
		{F2D8510F-42ED-440A-9999-0F3BADE22E49}.Debug|Any CPU.ActiveCfg = Debug|Any CPU
		{F2D8510F-42ED-440A-9999-0F3BADE22E49}.Debug|Any CPU.Build.0 = Debug|Any CPU
		{F2D8510F-42ED-440A-9999-0F3BADE22E49}.Release|Any CPU.ActiveCfg = Release|Any CPU
		{F2D8510F-42ED-440A-9999-0F3BADE22E49}.Release|Any CPU.Build.0 = Release|Any CPU
	EndGlobalSection
	GlobalSection(SolutionProperties) = preSolution
		HideSolutionNode = FALSE
	EndGlobalSection
	GlobalSection(NestedProjects) = preSolution
		{6B5D8125-4C2E-45F6-A468-8A4F306E9946} = {189EFACF-4059-444F-BED4-AE81F2412AFE}
		{0E979D06-4818-4B73-98EE-8763CAEDD167} = {983A630A-D4EA-412C-B250-A442E7877D54}
		{F2D8510F-42ED-440A-9999-0F3BADE22E49} = {6B5D8125-4C2E-45F6-A468-8A4F306E9946}
	EndGlobalSection
	GlobalSection(ExtensibilityGlobals) = postSolution
		SolutionGuid = {C3018036-ED6A-4C1C-AB0E-6B90BB9746E6}
	EndGlobalSection
EndGlobal
